Microsoft Visual Studio Solution File, Format Version 12.00
# Visual Studio Version 17
VisualStudioVersion = 17.5.2.0
MinimumVisualStudioVersion = 10.0.40219.1
Project("{FAE04EC0-301F-11D3-BF4B-00C04F79EFBC}") = "SvgMacTest", "SvgMacTest\SvgMacTest.csproj", "{D9305D9E-C3BC-42E0-7B07-E3E4CCF11311}"
EndProject
Global
	GlobalSection(SolutionConfigurationPlatforms) = preSolution
		Debug|Any CPU = Debug|Any CPU
		Release|Any CPU = Release|Any CPU
	EndGlobalSection
	GlobalSection(ProjectConfigurationPlatforms) = postSolution
		{D9305D9E-C3BC-42E0-7B07-E3E4CCF11311}.Debug|Any CPU.ActiveCfg = Debug|Any CPU
		{D9305D9E-C3BC-42E0-7B07-E3E4CCF11311}.Debug|Any CPU.Build.0 = Debug|Any CPU
		{D9305D9E-C3BC-42E0-7B07-E3E4CCF11311}.Release|Any CPU.ActiveCfg = Release|Any CPU
		{D9305D9E-C3BC-42E0-7B07-E3E4CCF11311}.Release|Any CPU.Build.0 = Release|Any CPU
	EndGlobalSection
	GlobalSection(SolutionProperties) = preSolution
		HideSolutionNode = FALSE
	EndGlobalSection
	GlobalSection(ExtensibilityGlobals) = postSolution
		SolutionGuid = {7B748F72-D642-438B-8C4D-E66C696AA895}
	EndGlobalSection
EndGlobal
